
Microsoft Visual Studio Solution File, Format Version 12.00
# Visual Studio Version 16
VisualStudioVersion = 16.0.29009.5
MinimumVisualStudioVersion = 10.0.40219.1
Project("{FAE04EC0-301F-11D3-BF4B-00C04F79EFBC}") = "Python3", "Python3.csproj", "{B80ADD06-79E3-4BED-9CAC-151C1B2B8BC0}"
EndProject
Global
	GlobalSection(SolutionConfigurationPlatforms) = preSolution
		Debug|x86 = Debug|x86
		Release|x86 = Release|x86
	EndGlobalSection
	GlobalSection(ProjectConfigurationPlatforms) = postSolution
		{B80ADD06-79E3-4BED-9CAC-151C1B2B8BC0}.Debug|x86.ActiveCfg = Debug|x86
		{B80ADD06-79E3-4BED-9CAC-151C1B2B8BC0}.Debug|x86.Build.0 = Debug|x86
		{B80ADD06-79E3-4BED-9CAC-151C1B2B8BC0}.Release|x86.ActiveCfg = Release|x86
		{B80ADD06-79E3-4BED-9CAC-151C1B2B8BC0}.Release|x86.Build.0 = Release|x86
	EndGlobalSection
	GlobalSection(SolutionProperties) = preSolution
		HideSolutionNode = FALSE
	EndGlobalSection
	GlobalSection(ExtensibilityGlobals) = postSolution
		SolutionGuid = {62736D9B-B189-4047-B707-31CAABC29B80}
	EndGlobalSection
EndGlobal
